
Microsoft Visual Studio Solution File, Format Version 12.00
# Visual Studio Version 16
VisualStudioVersion = 16.0.31624.102
MinimumVisualStudioVersion = 10.0.40219.1
Project("{FAE04EC0-301F-11D3-BF4B-00C04F79EFBC}") = "Map3.Android", "Map3\Map3.Android\Map3.Android.csproj", "{BCDBF2B6-410B-4F8E-A824-F6CA2C2F744C}"
EndProject
Project("{FAE04EC0-301F-11D3-BF4B-00C04F79EFBC}") = "Map3", "Map3\Map3\Map3.csproj", "{6345D57E-92A2-429E-83AB-D19F4D8CF437}"
EndProject
Global
	GlobalSection(SolutionConfigurationPlatforms) = preSolution
		Debug|Any CPU = Debug|Any CPU
		Release|Any CPU = Release|Any CPU
	EndGlobalSection
	GlobalSection(ProjectConfigurationPlatforms) = postSolution
		{BCDBF2B6-410B-4F8E-A824-F6CA2C2F744C}.Debug|Any CPU.ActiveCfg = Debug|Any CPU
		{BCDBF2B6-410B-4F8E-A824-F6CA2C2F744C}.Debug|Any CPU.Build.0 = Debug|Any CPU
		{BCDBF2B6-410B-4F8E-A824-F6CA2C2F744C}.Debug|Any CPU.Deploy.0 = Debug|Any CPU
		{BCDBF2B6-410B-4F8E-A824-F6CA2C2F744C}.Release|Any CPU.ActiveCfg = Release|Any CPU
		{BCDBF2B6-410B-4F8E-A824-F6CA2C2F744C}.Release|Any CPU.Build.0 = Release|Any CPU
		{BCDBF2B6-410B-4F8E-A824-F6CA2C2F744C}.Release|Any CPU.Deploy.0 = Release|Any CPU
		{6345D57E-92A2-429E-83AB-D19F4D8CF437}.Debug|Any CPU.ActiveCfg = Debug|Any CPU
		{6345D57E-92A2-429E-83AB-D19F4D8CF437}.Debug|Any CPU.Build.0 = Debug|Any CPU
		{6345D57E-92A2-429E-83AB-D19F4D8CF437}.Debug|Any CPU.Deploy.0 = Debug|Any CPU
		{6345D57E-92A2-429E-83AB-D19F4D8CF437}.Release|Any CPU.ActiveCfg = Release|Any CPU
		{6345D57E-92A2-429E-83AB-D19F4D8CF437}.Release|Any CPU.Build.0 = Release|Any CPU
		{6345D57E-92A2-429E-83AB-D19F4D8CF437}.Release|Any CPU.Deploy.0 = Release|Any CPU
	EndGlobalSection
	GlobalSection(SolutionProperties) = preSolution
		HideSolutionNode = FALSE
	EndGlobalSection
	GlobalSection(ExtensibilityGlobals) = postSolution
		SolutionGuid = {EE72DB3E-5D92-4EF7-9A89-CBDC0E9E52E6}
	EndGlobalSection
EndGlobal
