
Microsoft Visual Studio Solution File, Format Version 12.00
# Visual Studio Version 16
VisualStudioVersion = 16.0.31729.503
MinimumVisualStudioVersion = 10.0.40219.1
Project("{9A19103F-16F7-4668-BE54-9A1E7A4F7556}") = "EncounterAPI", "EncounterAPI\EncounterAPI.csproj", "{A23A1DD5-1552-4F25-91D2-CB929AFD9730}"
EndProject
Project("{9A19103F-16F7-4668-BE54-9A1E7A4F7556}") = "Contracts", "Contracts\Contracts.csproj", "{CC2AD4DA-3912-4EAC-96A4-931DE35EDA51}"
EndProject
Project("{9A19103F-16F7-4668-BE54-9A1E7A4F7556}") = "Repository", "Repository\Repository.csproj", "{BF3CCCC5-FFE2-4D42-B95E-0D4B25A41253}"
EndProject
Project("{9A19103F-16F7-4668-BE54-9A1E7A4F7556}") = "Entities", "Entities\Entities.csproj", "{1E8682F8-8211-4147-9AD4-25C6B1AD04BA}"
EndProject
Project("{FAE04EC0-301F-11D3-BF4B-00C04F79EFBC}") = "AuthorizationService", "AuthorizationService\AuthorizationService.csproj", "{E72F59E7-9C24-4C10-AB54-1195271DB101}"
EndProject
Global
	GlobalSection(SolutionConfigurationPlatforms) = preSolution
		Debug|Any CPU = Debug|Any CPU
		Release|Any CPU = Release|Any CPU
	EndGlobalSection
	GlobalSection(ProjectConfigurationPlatforms) = postSolution
		{A23A1DD5-1552-4F25-91D2-CB929AFD9730}.Debug|Any CPU.ActiveCfg = Debug|Any CPU
		{A23A1DD5-1552-4F25-91D2-CB929AFD9730}.Debug|Any CPU.Build.0 = Debug|Any CPU
		{A23A1DD5-1552-4F25-91D2-CB929AFD9730}.Release|Any CPU.ActiveCfg = Release|Any CPU
		{A23A1DD5-1552-4F25-91D2-CB929AFD9730}.Release|Any CPU.Build.0 = Release|Any CPU
		{CC2AD4DA-3912-4EAC-96A4-931DE35EDA51}.Debug|Any CPU.ActiveCfg = Debug|Any CPU
		{CC2AD4DA-3912-4EAC-96A4-931DE35EDA51}.Debug|Any CPU.Build.0 = Debug|Any CPU
		{CC2AD4DA-3912-4EAC-96A4-931DE35EDA51}.Release|Any CPU.ActiveCfg = Release|Any CPU
		{CC2AD4DA-3912-4EAC-96A4-931DE35EDA51}.Release|Any CPU.Build.0 = Release|Any CPU
		{BF3CCCC5-FFE2-4D42-B95E-0D4B25A41253}.Debug|Any CPU.ActiveCfg = Debug|Any CPU
		{BF3CCCC5-FFE2-4D42-B95E-0D4B25A41253}.Debug|Any CPU.Build.0 = Debug|Any CPU
		{BF3CCCC5-FFE2-4D42-B95E-0D4B25A41253}.Release|Any CPU.ActiveCfg = Release|Any CPU
		{BF3CCCC5-FFE2-4D42-B95E-0D4B25A41253}.Release|Any CPU.Build.0 = Release|Any CPU
		{1E8682F8-8211-4147-9AD4-25C6B1AD04BA}.Debug|Any CPU.ActiveCfg = Debug|Any CPU
		{1E8682F8-8211-4147-9AD4-25C6B1AD04BA}.Debug|Any CPU.Build.0 = Debug|Any CPU
		{1E8682F8-8211-4147-9AD4-25C6B1AD04BA}.Release|Any CPU.ActiveCfg = Release|Any CPU
		{1E8682F8-8211-4147-9AD4-25C6B1AD04BA}.Release|Any CPU.Build.0 = Release|Any CPU
		{E72F59E7-9C24-4C10-AB54-1195271DB101}.Debug|Any CPU.ActiveCfg = Debug|Any CPU
		{E72F59E7-9C24-4C10-AB54-1195271DB101}.Debug|Any CPU.Build.0 = Debug|Any CPU
		{E72F59E7-9C24-4C10-AB54-1195271DB101}.Release|Any CPU.ActiveCfg = Release|Any CPU
		{E72F59E7-9C24-4C10-AB54-1195271DB101}.Release|Any CPU.Build.0 = Release|Any CPU
	EndGlobalSection
	GlobalSection(SolutionProperties) = preSolution
		HideSolutionNode = FALSE
	EndGlobalSection
	GlobalSection(ExtensibilityGlobals) = postSolution
		SolutionGuid = {44DCB30E-B460-4C09-BB98-E42F8AEEB211}
	EndGlobalSection
EndGlobal
